
Microsoft Visual Studio Solution File, Format Version 12.00
# Visual Studio Version 17
VisualStudioVersion = 17.13.35825.156 d17.13
MinimumVisualStudioVersion = 10.0.40219.1
Project("{FAE04EC0-301F-11D3-BF4B-00C04F79EFBC}") = "Todolist", "Todolist\Todolist.csproj", "{31EB0FDF-4284-4764-AA25-D552143098BC}"
EndProject
Global
	GlobalSection(SolutionConfigurationPlatforms) = preSolution
		Debug|Any CPU = Debug|Any CPU
		Release|Any CPU = Release|Any CPU
	EndGlobalSection
	GlobalSection(ProjectConfigurationPlatforms) = postSolution
		{31EB0FDF-4284-4764-AA25-D552143098BC}.Debug|Any CPU.ActiveCfg = Debug|Any CPU
		{31EB0FDF-4284-4764-AA25-D552143098BC}.Debug|Any CPU.Build.0 = Debug|Any CPU
		{31EB0FDF-4284-4764-AA25-D552143098BC}.Release|Any CPU.ActiveCfg = Release|Any CPU
		{31EB0FDF-4284-4764-AA25-D552143098BC}.Release|Any CPU.Build.0 = Release|Any CPU
	EndGlobalSection
	GlobalSection(SolutionProperties) = preSolution
		HideSolutionNode = FALSE
	EndGlobalSection
	GlobalSection(ExtensibilityGlobals) = postSolution
		SolutionGuid = {982E164F-5A35-44D2-B638-7E6E97C5FA11}
	EndGlobalSection
EndGlobal
